
Microsoft Visual Studio Solution File, Format Version 12.00
# Visual Studio Version 16
VisualStudioVersion = 16.0.29503.13
MinimumVisualStudioVersion = 10.0.40219.1
Project("{FAE04EC0-301F-11D3-BF4B-00C04F79EFBC}") = "Lab1_StaticKeyword", "Lab1_StaticKeyword\Lab1_StaticKeyword.csproj", "{14D69E0C-F643-45A1-96E1-DF0BE4F3AAD7}"
EndProject
Project("{2150E333-8FDC-42A3-9474-1A3956D46DE8}") = "Solution Items", "Solution Items", "{2C131EE1-3E15-4E87-8DD7-019CF30BDA05}"
EndProject
Global
	GlobalSection(SolutionConfigurationPlatforms) = preSolution
		Debug|Any CPU = Debug|Any CPU
		Release|Any CPU = Release|Any CPU
	EndGlobalSection
	GlobalSection(ProjectConfigurationPlatforms) = postSolution
		{14D69E0C-F643-45A1-96E1-DF0BE4F3AAD7}.Debug|Any CPU.ActiveCfg = Debug|Any CPU
		{14D69E0C-F643-45A1-96E1-DF0BE4F3AAD7}.Debug|Any CPU.Build.0 = Debug|Any CPU
		{14D69E0C-F643-45A1-96E1-DF0BE4F3AAD7}.Release|Any CPU.ActiveCfg = Release|Any CPU
		{14D69E0C-F643-45A1-96E1-DF0BE4F3AAD7}.Release|Any CPU.Build.0 = Release|Any CPU
	EndGlobalSection
	GlobalSection(SolutionProperties) = preSolution
		HideSolutionNode = FALSE
	EndGlobalSection
	GlobalSection(ExtensibilityGlobals) = postSolution
		SolutionGuid = {6CF029F5-D0DB-4920-9D54-A62F759FE51A}
	EndGlobalSection
EndGlobal
